// !$*UTF8*$!
{
	archiveVersion = 1;
	classes = {
	};
	objectVersion = 46;
	objects = {

/* Begin PBXBuildFile section */
		85E7070781AC8E86A4670CC3 /* libPods-Accounting.a in Frameworks */ = {isa = PBXBuildFile; fileRef = E433258BC0FF9B4E80C62A77 /* libPods-Accounting.a */; };
		B6198A0D1F1F3BDB00113660 /* HDJAddRecordViewController.m in Sources */ = {isa = PBXBuildFile; fileRef = B6198A0C1F1F3BDB00113660 /* HDJAddRecordViewController.m */; };
		B6198A111F1F5CDC00113660 /* HDJRecordTopView.m in Sources */ = {isa = PBXBuildFile; fileRef = B6198A101F1F5CDC00113660 /* HDJRecordTopView.m */; };
		B6198A151F1F602200113660 /* HDJRecordView.m in Sources */ = {isa = PBXBuildFile; fileRef = B6198A141F1F602200113660 /* HDJRecordView.m */; };
		B6198A191F1F62D500113660 /* HDJRecordCollectionViewCell.m in Sources */ = {isa = PBXBuildFile; fileRef = B6198A181F1F62D500113660 /* HDJRecordCollectionViewCell.m */; };
		B637F81E1F22027900012326 /* HDJEditCategoryController.m in Sources */ = {isa = PBXBuildFile; fileRef = B637F81D1F22027900012326 /* HDJEditCategoryController.m */; };
		B637F8221F2206FE00012326 /* UIImage+DeepCopy.m in Sources */ = {isa = PBXBuildFile; fileRef = B637F8211F2206FE00012326 /* UIImage+DeepCopy.m */; };
		B65304D51F1E4F6800FA3FAD /* HDJIERecordModel.m in Sources */ = {isa = PBXBuildFile; fileRef = B65304D41F1E4F6800FA3FAD /* HDJIERecordModel.m */; };
		B65304D81F1E4F7200FA3FAD /* HDJProjectTypeModel.m in Sources */ = {isa = PBXBuildFile; fileRef = B65304D71F1E4F7200FA3FAD /* HDJProjectTypeModel.m */; };
		B65304DB1F1E4F8800FA3FAD /* HDJIncomeExpensesModel.m in Sources */ = {isa = PBXBuildFile; fileRef = B65304DA1F1E4F8800FA3FAD /* HDJIncomeExpensesModel.m */; };
		B67756431FFF46BB0047AA40 /* HDJDSQLSearchModel.m in Sources */ = {isa = PBXBuildFile; fileRef = B67756421FFF46BB0047AA40 /* HDJDSQLSearchModel.m */; };
		B677564B1FFFAE340047AA40 /* MBProgressHUD+NJ.m in Sources */ = {isa = PBXBuildFile; fileRef = B67756491FFFAE340047AA40 /* MBProgressHUD+NJ.m */; };
		B677565E200369570047AA40 /* HDJTableViewCell.m in Sources */ = {isa = PBXBuildFile; fileRef = B677565D200369570047AA40 /* HDJTableViewCell.m */; };
		B693923B1F185E5900616A37 /* libsqlite3.0.tbd in Frameworks */ = {isa = PBXBuildFile; fileRef = B693923A1F185E5900616A37 /* libsqlite3.0.tbd */; };
		B69392461F1B3ADD00616A37 /* DJDatabaseManager.m in Sources */ = {isa = PBXBuildFile; fileRef = B69392451F1B3ADD00616A37 /* DJDatabaseManager.m */; };
		B6A5BA192008681A0006F1AD /* project_initial_data.plist in Resources */ = {isa = PBXBuildFile; fileRef = B6A5BA182008681A0006F1AD /* project_initial_data.plist */; };
		B6A5BA1B20089FF30006F1AD /* MBProgressHUD.bundle in Resources */ = {isa = PBXBuildFile; fileRef = B6A5BA1A20089FF20006F1AD /* MBProgressHUD.bundle */; };
		B6A5BA27200C79A20006F1AD /* HDJBillDisplayCell.m in Sources */ = {isa = PBXBuildFile; fileRef = B6A5BA26200C79A20006F1AD /* HDJBillDisplayCell.m */; };
		B6A5BA2B200C7EE60006F1AD /* UIImage+Radius.m in Sources */ = {isa = PBXBuildFile; fileRef = B6A5BA2A200C7EE60006F1AD /* UIImage+Radius.m */; };
		B6B9548E201EEE3D00D24F3C /* UILabel+Builder.m in Sources */ = {isa = PBXBuildFile; fileRef = B6B9548C201EEE3D00D24F3C /* UILabel+Builder.m */; };
		B6B954A72020176B00D24F3C /* HDJCalendarView.m in Sources */ = {isa = PBXBuildFile; fileRef = B6B954A62020176B00D24F3C /* HDJCalendarView.m */; };
		B6C265031F23299C001949C2 /* HDJAddCategoryController.m in Sources */ = {isa = PBXBuildFile; fileRef = B6C265021F23299C001949C2 /* HDJAddCategoryController.m */; };
		B6C265071F232CFF001949C2 /* HDJAddCategoryTopView.m in Sources */ = {isa = PBXBuildFile; fileRef = B6C265061F232CFF001949C2 /* HDJAddCategoryTopView.m */; };
		B6C2650B1F233105001949C2 /* HDJCateCollectionViewCell.m in Sources */ = {isa = PBXBuildFile; fileRef = B6C2650A1F233105001949C2 /* HDJCateCollectionViewCell.m */; };
		B6C2651F1F263761001949C2 /* HDJCustomKeyBoardView.m in Sources */ = {isa = PBXBuildFile; fileRef = B6C2651E1F263761001949C2 /* HDJCustomKeyBoardView.m */; };
		B6C265271F27111A001949C2 /* HDJKeyBoardNumView.m in Sources */ = {isa = PBXBuildFile; fileRef = B6C265261F27111A001949C2 /* HDJKeyBoardNumView.m */; };
		B6C2652A1F271124001949C2 /* HDJKeyBoardExtraFuncView.m in Sources */ = {isa = PBXBuildFile; fileRef = B6C265291F271124001949C2 /* HDJKeyBoardExtraFuncView.m */; };
		B6C265311F2766AF001949C2 /* HDJKeyBoardButton.m in Sources */ = {isa = PBXBuildFile; fileRef = B6C265301F2766AF001949C2 /* HDJKeyBoardButton.m */; };
		B6D797931F15EEEB00168B4E /* main.m in Sources */ = {isa = PBXBuildFile; fileRef = B6D797921F15EEEB00168B4E /* main.m */; };
		B6D797961F15EEEB00168B4E /* AppDelegate.m in Sources */ = {isa = PBXBuildFile; fileRef = B6D797951F15EEEB00168B4E /* AppDelegate.m */; };
		B6D797991F15EEEB00168B4E /* ViewController.m in Sources */ = {isa = PBXBuildFile; fileRef = B6D797981F15EEEB00168B4E /* ViewController.m */; };
		B6D7979C1F15EEEB00168B4E /* Main.storyboard in Resources */ = {isa = PBXBuildFile; fileRef = B6D7979A1F15EEEB00168B4E /* Main.storyboard */; };
		B6D7979E1F15EEEB00168B4E /* Assets.xcassets in Resources */ = {isa = PBXBuildFile; fileRef = B6D7979D1F15EEEB00168B4E /* Assets.xcassets */; };
		B6D797A11F15EEEB00168B4E /* LaunchScreen.storyboard in Resources */ = {isa = PBXBuildFile; fileRef = B6D7979F1F15EEEB00168B4E /* LaunchScreen.storyboard */; };
		B6D797D81F15EF3A00168B4E /* BaseModel.m in Sources */ = {isa = PBXBuildFile; fileRef = B6D797AB1F15EF3A00168B4E /* BaseModel.m */; };
		B6D797D91F15EF3A00168B4E /* BaseNavigationController.m in Sources */ = {isa = PBXBuildFile; fileRef = B6D797AE1F15EF3A00168B4E /* BaseNavigationController.m */; };
		B6D797DB1F15EF3A00168B4E /* BaseView.m in Sources */ = {isa = PBXBuildFile; fileRef = B6D797B41F15EF3A00168B4E /* BaseView.m */; };
		B6D797DC1F15EF3A00168B4E /* BaseViewController.m in Sources */ = {isa = PBXBuildFile; fileRef = B6D797B71F15EF3A00168B4E /* BaseViewController.m */; };
		B6D797DF1F15EF3A00168B4E /* LaunchViewController.m in Sources */ = {isa = PBXBuildFile; fileRef = B6D797C61F15EF3A00168B4E /* LaunchViewController.m */; };
		B6D797E31F15EF3A00168B4E /* TabBarViewController.m in Sources */ = {isa = PBXBuildFile; fileRef = B6D797D21F15EF3A00168B4E /* TabBarViewController.m */; };
		B6D797FE1F15F00D00168B4E /* NSData+UIImage.m in Sources */ = {isa = PBXBuildFile; fileRef = B6D797E81F15F00D00168B4E /* NSData+UIImage.m */; };
		B6D797FF1F15F00D00168B4E /* NSDate+Stamp.m in Sources */ = {isa = PBXBuildFile; fileRef = B6D797EB1F15F00D00168B4E /* NSDate+Stamp.m */; };
		B6D798001F15F00D00168B4E /* NSString+JSON.m in Sources */ = {isa = PBXBuildFile; fileRef = B6D797EE1F15F00D00168B4E /* NSString+JSON.m */; };
		B6D798011F15F00D00168B4E /* UIButton+ImageTitleSpacing.m in Sources */ = {isa = PBXBuildFile; fileRef = B6D797F11F15F00D00168B4E /* UIButton+ImageTitleSpacing.m */; };
		B6D798021F15F00D00168B4E /* UILabel+TextAttribute.m in Sources */ = {isa = PBXBuildFile; fileRef = B6D797F41F15F00D00168B4E /* UILabel+TextAttribute.m */; };
		B6D798031F15F00D00168B4E /* UIView+ViewController.m in Sources */ = {isa = PBXBuildFile; fileRef = B6D797F71F15F00D00168B4E /* UIView+ViewController.m */; };
		B6D798041F15F00D00168B4E /* UIViewExt.m in Sources */ = {isa = PBXBuildFile; fileRef = B6D797FA1F15F00D00168B4E /* UIViewExt.m */; };
		B6D798051F15F00D00168B4E /* UILabel+Rect.m in Sources */ = {isa = PBXBuildFile; fileRef = B6D797FD1F15F00D00168B4E /* UILabel+Rect.m */; };
		B6DE3C96200DC88400C53109 /* HDJBillHeaderView.m in Sources */ = {isa = PBXBuildFile; fileRef = B6DE3C95200DC88400C53109 /* HDJBillHeaderView.m */; };
		B6DE3C99200DC88B00C53109 /* HDJBillFooterView.m in Sources */ = {isa = PBXBuildFile; fileRef = B6DE3C98200DC88B00C53109 /* HDJBillFooterView.m */; };
		B6DF51F61F20D04500E61A89 /* HDJRecordScrollerView.m in Sources */ = {isa = PBXBuildFile; fileRef = B6DF51F51F20D04500E61A89 /* HDJRecordScrollerView.m */; };
		B6EA4CA01FF0BA78003F49F9 /* HDJAuthenticationViewController.m in Sources */ = {isa = PBXBuildFile; fileRef = B6EA4C9F1FF0BA78003F49F9 /* HDJAuthenticationViewController.m */; };
		B6F883F31F166DBF0060E7E4 /* HDJPropertyViewController.m in Sources */ = {isa = PBXBuildFile; fileRef = B6F883F21F166DBF0060E7E4 /* HDJPropertyViewController.m */; };
		B6F883F61F166DCF0060E7E4 /* HDJStatementViewController.m in Sources */ = {isa = PBXBuildFile; fileRef = B6F883F51F166DCF0060E7E4 /* HDJStatementViewController.m */; };
		B6F883F91F166DDE0060E7E4 /* HDJBillViewController.m in Sources */ = {isa = PBXBuildFile; fileRef = B6F883F81F166DDE0060E7E4 /* HDJBillViewController.m */; };
		B6F883FC1F166DE90060E7E4 /* HDJManageViewController.m in Sources */ = {isa = PBXBuildFile; fileRef = B6F883FB1F166DE90060E7E4 /* HDJManageViewController.m */; };
		B6F883FF1F166DFA0060E7E4 /* HDJMoreViewController.m in Sources */ = {isa = PBXBuildFile; fileRef = B6F883FE1F166DFA0060E7E4 /* HDJMoreViewController.m */; };
/* End PBXBuildFile section */

/* Begin PBXFileReference section */
		283A9A6A7EF82B001109EFAD /* Pods-Accounting.release.xcconfig */ = {isa = PBXFileReference; includeInIndex = 1; lastKnownFileType = text.xcconfig; name = "Pods-Accounting.release.xcconfig"; path = "Pods/Target Support Files/Pods-Accounting/Pods-Accounting.release.xcconfig"; sourceTree = "<group>"; };
		A525E62444C6977493FEAE7F /* Pods-Accounting.debug.xcconfig */ = {isa = PBXFileReference; includeInIndex = 1; lastKnownFileType = text.xcconfig; name = "Pods-Accounting.debug.xcconfig"; path = "Pods/Target Support Files/Pods-Accounting/Pods-Accounting.debug.xcconfig"; sourceTree = "<group>"; };
		B6198A0B1F1F3BDB00113660 /* HDJAddRecordViewController.h */ = {isa = PBXFileReference; lastKnownFileType = sourcecode.c.h; path = HDJAddRecordViewController.h; sourceTree = "<group>"; };
		B6198A0C1F1F3BDB00113660 /* HDJAddRecordViewController.m */ = {isa = PBXFileReference; lastKnownFileType = sourcecode.c.objc; path = HDJAddRecordViewController.m; sourceTree = "<group>"; };
		B6198A0F1F1F5CDC00113660 /* HDJRecordTopView.h */ = {isa = PBXFileReference; lastKnownFileType = sourcecode.c.h; path = HDJRecordTopView.h; sourceTree = "<group>"; };
		B6198A101F1F5CDC00113660 /* HDJRecordTopView.m */ = {isa = PBXFileReference; lastKnownFileType = sourcecode.c.objc; path = HDJRecordTopView.m; sourceTree = "<group>"; };
		B6198A131F1F602200113660 /* HDJRecordView.h */ = {isa = PBXFileReference; lastKnownFileType = sourcecode.c.h; path = HDJRecordView.h; sourceTree = "<group>"; };
		B6198A141F1F602200113660 /* HDJRecordView.m */ = {isa = PBXFileReference; lastKnownFileType = sourcecode.c.objc; path = HDJRecordView.m; sourceTree = "<group>"; };
		B6198A171F1F62D500113660 /* HDJRecordCollectionViewCell.h */ = {isa = PBXFileReference; lastKnownFileType = sourcecode.c.h; path = HDJRecordCollectionViewCell.h; sourceTree = "<group>"; };
		B6198A181F1F62D500113660 /* HDJRecordCollectionViewCell.m */ = {isa = PBXFileReference; lastKnownFileType = sourcecode.c.objc; path = HDJRecordCollectionViewCell.m; sourceTree = "<group>"; };
		B637F81C1F22027900012326 /* HDJEditCategoryController.h */ = {isa = PBXFileReference; lastKnownFileType = sourcecode.c.h; path = HDJEditCategoryController.h; sourceTree = "<group>"; };
		B637F81D1F22027900012326 /* HDJEditCategoryController.m */ = {isa = PBXFileReference; lastKnownFileType = sourcecode.c.objc; path = HDJEditCategoryController.m; sourceTree = "<group>"; };
		B637F8201F2206FE00012326 /* UIImage+DeepCopy.h */ = {isa = PBXFileReference; lastKnownFileType = sourcecode.c.h; path = "UIImage+DeepCopy.h"; sourceTree = "<group>"; };
		B637F8211F2206FE00012326 /* UIImage+DeepCopy.m */ = {isa = PBXFileReference; lastKnownFileType = sourcecode.c.objc; path = "UIImage+DeepCopy.m"; sourceTree = "<group>"; };
		B65304D31F1E4F6800FA3FAD /* HDJIERecordModel.h */ = {isa = PBXFileReference; lastKnownFileType = sourcecode.c.h; path = HDJIERecordModel.h; sourceTree = "<group>"; };
		B65304D41F1E4F6800FA3FAD /* HDJIERecordModel.m */ = {isa = PBXFileReference; lastKnownFileType = sourcecode.c.objc; path = HDJIERecordModel.m; sourceTree = "<group>"; };
		B65304D61F1E4F7200FA3FAD /* HDJProjectTypeModel.h */ = {isa = PBXFileReference; lastKnownFileType = sourcecode.c.h; path = HDJProjectTypeModel.h; sourceTree = "<group>"; };
		B65304D71F1E4F7200FA3FAD /* HDJProjectTypeModel.m */ = {isa = PBXFileReference; lastKnownFileType = sourcecode.c.objc; path = HDJProjectTypeModel.m; sourceTree = "<group>"; };
		B65304D91F1E4F8800FA3FAD /* HDJIncomeExpensesModel.h */ = {isa = PBXFileReference; lastKnownFileType = sourcecode.c.h; path = HDJIncomeExpensesModel.h; sourceTree = "<group>"; };
		B65304DA1F1E4F8800FA3FAD /* HDJIncomeExpensesModel.m */ = {isa = PBXFileReference; lastKnownFileType = sourcecode.c.objc; path = HDJIncomeExpensesModel.m; sourceTree = "<group>"; };
		B67756411FFF46BB0047AA40 /* HDJDSQLSearchModel.h */ = {isa = PBXFileReference; lastKnownFileType = sourcecode.c.h; path = HDJDSQLSearchModel.h; sourceTree = "<group>"; };
		B67756421FFF46BB0047AA40 /* HDJDSQLSearchModel.m */ = {isa = PBXFileReference; lastKnownFileType = sourcecode.c.objc; path = HDJDSQLSearchModel.m; sourceTree = "<group>"; };
		B67756491FFFAE340047AA40 /* MBProgressHUD+NJ.m */ = {isa = PBXFileReference; fileEncoding = 4; lastKnownFileType = sourcecode.c.objc; path = "MBProgressHUD+NJ.m"; sourceTree = "<group>"; };
		B677564A1FFFAE340047AA40 /* MBProgressHUD+NJ.h */ = {isa = PBXFileReference; fileEncoding = 4; lastKnownFileType = sourcecode.c.h; path = "MBProgressHUD+NJ.h"; sourceTree = "<group>"; };
		B677565C200369570047AA40 /* HDJTableViewCell.h */ = {isa = PBXFileReference; lastKnownFileType = sourcecode.c.h; path = HDJTableViewCell.h; sourceTree = "<group>"; };
		B677565D200369570047AA40 /* HDJTableViewCell.m */ = {isa = PBXFileReference; lastKnownFileType = sourcecode.c.objc; path = HDJTableViewCell.m; sourceTree = "<group>"; };
		B693923A1F185E5900616A37 /* libsqlite3.0.tbd */ = {isa = PBXFileReference; lastKnownFileType = "sourcecode.text-based-dylib-definition"; name = libsqlite3.0.tbd; path = usr/lib/libsqlite3.0.tbd; sourceTree = SDKROOT; };
		B69392441F1B3ADD00616A37 /* DJDatabaseManager.h */ = {isa = PBXFileReference; fileEncoding = 4; lastKnownFileType = sourcecode.c.h; path = DJDatabaseManager.h; sourceTree = "<group>"; };
		B69392451F1B3ADD00616A37 /* DJDatabaseManager.m */ = {isa = PBXFileReference; fileEncoding = 4; lastKnownFileType = sourcecode.c.objc; path = DJDatabaseManager.m; sourceTree = "<group>"; };
		B6A5BA182008681A0006F1AD /* project_initial_data.plist */ = {isa = PBXFileReference; lastKnownFileType = text.plist.xml; path = project_initial_data.plist; sourceTree = "<group>"; };
		B6A5BA1A20089FF20006F1AD /* MBProgressHUD.bundle */ = {isa = PBXFileReference; lastKnownFileType = "wrapper.plug-in"; path = MBProgressHUD.bundle; sourceTree = "<group>"; };
		B6A5BA25200C79A20006F1AD /* HDJBillDisplayCell.h */ = {isa = PBXFileReference; lastKnownFileType = sourcecode.c.h; path = HDJBillDisplayCell.h; sourceTree = "<group>"; };
		B6A5BA26200C79A20006F1AD /* HDJBillDisplayCell.m */ = {isa = PBXFileReference; lastKnownFileType = sourcecode.c.objc; path = HDJBillDisplayCell.m; sourceTree = "<group>"; };
		B6A5BA29200C7EE60006F1AD /* UIImage+Radius.h */ = {isa = PBXFileReference; lastKnownFileType = sourcecode.c.h; path = "UIImage+Radius.h"; sourceTree = "<group>"; };
		B6A5BA2A200C7EE60006F1AD /* UIImage+Radius.m */ = {isa = PBXFileReference; lastKnownFileType = sourcecode.c.objc; path = "UIImage+Radius.m"; sourceTree = "<group>"; };
		B6B9548C201EEE3D00D24F3C /* UILabel+Builder.m */ = {isa = PBXFileReference; fileEncoding = 4; lastKnownFileType = sourcecode.c.objc; path = "UILabel+Builder.m"; sourceTree = "<group>"; };
		B6B9548D201EEE3D00D24F3C /* UILabel+Builder.h */ = {isa = PBXFileReference; fileEncoding = 4; lastKnownFileType = sourcecode.c.h; path = "UILabel+Builder.h"; sourceTree = "<group>"; };
		B6B954A52020176B00D24F3C /* HDJCalendarView.h */ = {isa = PBXFileReference; fileEncoding = 4; lastKnownFileType = sourcecode.c.h; path = HDJCalendarView.h; sourceTree = "<group>"; };
		B6B954A62020176B00D24F3C /* HDJCalendarView.m */ = {isa = PBXFileReference; fileEncoding = 4; lastKnownFileType = sourcecode.c.objc; path = HDJCalendarView.m; sourceTree = "<group>"; };
		B6C265011F23299C001949C2 /* HDJAddCategoryController.h */ = {isa = PBXFileReference; lastKnownFileType = sourcecode.c.h; path = HDJAddCategoryController.h; sourceTree = "<group>"; };
		B6C265021F23299C001949C2 /* HDJAddCategoryController.m */ = {isa = PBXFileReference; lastKnownFileType = sourcecode.c.objc; path = HDJAddCategoryController.m; sourceTree = "<group>"; };
		B6C265051F232CFF001949C2 /* HDJAddCategoryTopView.h */ = {isa = PBXFileReference; lastKnownFileType = sourcecode.c.h; path = HDJAddCategoryTopView.h; sourceTree = "<group>"; };
		B6C265061F232CFF001949C2 /* HDJAddCategoryTopView.m */ = {isa = PBXFileReference; lastKnownFileType = sourcecode.c.objc; path = HDJAddCategoryTopView.m; sourceTree = "<group>"; };
		B6C265091F233105001949C2 /* HDJCateCollectionViewCell.h */ = {isa = PBXFileReference; lastKnownFileType = sourcecode.c.h; path = HDJCateCollectionViewCell.h; sourceTree = "<group>"; };
		B6C2650A1F233105001949C2 /* HDJCateCollectionViewCell.m */ = {isa = PBXFileReference; lastKnownFileType = sourcecode.c.objc; path = HDJCateCollectionViewCell.m; sourceTree = "<group>"; };
		B6C2651D1F263761001949C2 /* HDJCustomKeyBoardView.h */ = {isa = PBXFileReference; lastKnownFileType = sourcecode.c.h; path = HDJCustomKeyBoardView.h; sourceTree = "<group>"; };
		B6C2651E1F263761001949C2 /* HDJCustomKeyBoardView.m */ = {isa = PBXFileReference; lastKnownFileType = sourcecode.c.objc; path = HDJCustomKeyBoardView.m; sourceTree = "<group>"; };
		B6C265211F2644DB001949C2 /* UIView+Extension.h */ = {isa = PBXFileReference; lastKnownFileType = sourcecode.c.h; path = "UIView+Extension.h"; sourceTree = "<group>"; };
		B6C265221F2644DB001949C2 /* UIView+Extension.m */ = {isa = PBXFileReference; lastKnownFileType = sourcecode.c.objc; path = "UIView+Extension.m"; sourceTree = "<group>"; };
		B6C265251F27111A001949C2 /* HDJKeyBoardNumView.h */ = {isa = PBXFileReference; lastKnownFileType = sourcecode.c.h; path = HDJKeyBoardNumView.h; sourceTree = "<group>"; };
		B6C265261F27111A001949C2 /* HDJKeyBoardNumView.m */ = {isa = PBXFileReference; lastKnownFileType = sourcecode.c.objc; path = HDJKeyBoardNumView.m; sourceTree = "<group>"; };
		B6C265281F271124001949C2 /* HDJKeyBoardExtraFuncView.h */ = {isa = PBXFileReference; lastKnownFileType = sourcecode.c.h; path = HDJKeyBoardExtraFuncView.h; sourceTree = "<group>"; };
		B6C265291F271124001949C2 /* HDJKeyBoardExtraFuncView.m */ = {isa = PBXFileReference; lastKnownFileType = sourcecode.c.objc; path = HDJKeyBoardExtraFuncView.m; sourceTree = "<group>"; };
		B6C2652F1F2766AF001949C2 /* HDJKeyBoardButton.h */ = {isa = PBXFileReference; lastKnownFileType = sourcecode.c.h; path = HDJKeyBoardButton.h; sourceTree = "<group>"; };
		B6C265301F2766AF001949C2 /* HDJKeyBoardButton.m */ = {isa = PBXFileReference; lastKnownFileType = sourcecode.c.objc; path = HDJKeyBoardButton.m; sourceTree = "<group>"; };
		B6D7978E1F15EEEB00168B4E /* Accounting.app */ = {isa = PBXFileReference; explicitFileType = wrapper.application; includeInIndex = 0; path = Accounting.app; sourceTree = BUILT_PRODUCTS_DIR; };
		B6D797921F15EEEB00168B4E /* main.m */ = {isa = PBXFileReference; lastKnownFileType = sourcecode.c.objc; path = main.m; sourceTree = "<group>"; };
		B6D797941F15EEEB00168B4E /* AppDelegate.h */ = {isa = PBXFileReference; lastKnownFileType = sourcecode.c.h; path = AppDelegate.h; sourceTree = "<group>"; };
		B6D797951F15EEEB00168B4E /* AppDelegate.m */ = {isa = PBXFileReference; lastKnownFileType = sourcecode.c.objc; path = AppDelegate.m; sourceTree = "<group>"; };
		B6D797971F15EEEB00168B4E /* ViewController.h */ = {isa = PBXFileReference; lastKnownFileType = sourcecode.c.h; path = ViewController.h; sourceTree = "<group>"; };
		B6D797981F15EEEB00168B4E /* ViewController.m */ = {isa = PBXFileReference; lastKnownFileType = sourcecode.c.objc; path = ViewController.m; sourceTree = "<group>"; };
		B6D7979B1F15EEEB00168B4E /* Base */ = {isa = PBXFileReference; lastKnownFileType = file.storyboard; name = Base; path = Base.lproj/Main.storyboard; sourceTree = "<group>"; };
		B6D7979D1F15EEEB00168B4E /* Assets.xcassets */ = {isa = PBXFileReference; lastKnownFileType = folder.assetcatalog; path = Assets.xcassets; sourceTree = "<group>"; };
		B6D797A01F15EEEB00168B4E /* Base */ = {isa = PBXFileReference; lastKnownFileType = file.storyboard; name = Base; path = Base.lproj/LaunchScreen.storyboard; sourceTree = "<group>"; };
		B6D797A21F15EEEB00168B4E /* Info.plist */ = {isa = PBXFileReference; lastKnownFileType = text.plist.xml; path = Info.plist; sourceTree = "<group>"; };
		B6D797AA1F15EF3A00168B4E /* BaseModel.h */ = {isa = PBXFileReference; fileEncoding = 4; lastKnownFileType = sourcecode.c.h; path = BaseModel.h; sourceTree = "<group>"; };
		B6D797AB1F15EF3A00168B4E /* BaseModel.m */ = {isa = PBXFileReference; fileEncoding = 4; lastKnownFileType = sourcecode.c.objc; path = BaseModel.m; sourceTree = "<group>"; };
		B6D797AD1F15EF3A00168B4E /* BaseNavigationController.h */ = {isa = PBXFileReference; fileEncoding = 4; lastKnownFileType = sourcecode.c.h; path = BaseNavigationController.h; sourceTree = "<group>"; };
		B6D797AE1F15EF3A00168B4E /* BaseNavigationController.m */ = {isa = PBXFileReference; fileEncoding = 4; lastKnownFileType = sourcecode.c.objc; path = BaseNavigationController.m; sourceTree = "<group>"; };
		B6D797B31F15EF3A00168B4E /* BaseView.h */ = {isa = PBXFileReference; fileEncoding = 4; lastKnownFileType = sourcecode.c.h; path = BaseView.h; sourceTree = "<group>"; };
		B6D797B41F15EF3A00168B4E /* BaseView.m */ = {isa = PBXFileReference; fileEncoding = 4; lastKnownFileType = sourcecode.c.objc; path = BaseView.m; sourceTree = "<group>"; };
		B6D797B61F15EF3A00168B4E /* BaseViewController.h */ = {isa = PBXFileReference; fileEncoding = 4; lastKnownFileType = sourcecode.c.h; path = BaseViewController.h; sourceTree = "<group>"; };
		B6D797B71F15EF3A00168B4E /* BaseViewController.m */ = {isa = PBXFileReference; fileEncoding = 4; lastKnownFileType = sourcecode.c.objc; path = BaseViewController.m; sourceTree = "<group>"; };
		B6D797B91F15EF3A00168B4E /* document.h */ = {isa = PBXFileReference; fileEncoding = 4; lastKnownFileType = sourcecode.c.h; path = document.h; sourceTree = "<group>"; };
		B6D797BA1F15EF3A00168B4E /* YZLConfig.h */ = {isa = PBXFileReference; fileEncoding = 4; lastKnownFileType = sourcecode.c.h; path = YZLConfig.h; sourceTree = "<group>"; };
		B6D797BB1F15EF3A00168B4E /* YZLGlobalVariables.h */ = {isa = PBXFileReference; fileEncoding = 4; lastKnownFileType = sourcecode.c.h; path = YZLGlobalVariables.h; sourceTree = "<group>"; };
		B6D797BC1F15EF3A00168B4E /* YZLNotification.h */ = {isa = PBXFileReference; fileEncoding = 4; lastKnownFileType = sourcecode.c.h; path = YZLNotification.h; sourceTree = "<group>"; };
		B6D797C51F15EF3A00168B4E /* LaunchViewController.h */ = {isa = PBXFileReference; fileEncoding = 4; lastKnownFileType = sourcecode.c.h; path = LaunchViewController.h; sourceTree = "<group>"; };
		B6D797C61F15EF3A00168B4E /* LaunchViewController.m */ = {isa = PBXFileReference; fileEncoding = 4; lastKnownFileType = sourcecode.c.objc; path = LaunchViewController.m; sourceTree = "<group>"; };
		B6D797D11F15EF3A00168B4E /* TabBarViewController.h */ = {isa = PBXFileReference; fileEncoding = 4; lastKnownFileType = sourcecode.c.h; path = TabBarViewController.h; sourceTree = "<group>"; };
		B6D797D21F15EF3A00168B4E /* TabBarViewController.m */ = {isa = PBXFileReference; fileEncoding = 4; lastKnownFileType = sourcecode.c.objc; path = TabBarViewController.m; sourceTree = "<group>"; };
		B6D797E51F15EF6D00168B4E /* projectPrefix.pch */ = {isa = PBXFileReference; lastKnownFileType = sourcecode.c.h; path = projectPrefix.pch; sourceTree = "<group>"; };
		B6D797E71F15F00D00168B4E /* NSData+UIImage.h */ = {isa = PBXFileReference; fileEncoding = 4; lastKnownFileType = sourcecode.c.h; path = "NSData+UIImage.h"; sourceTree = "<group>"; };
		B6D797E81F15F00D00168B4E /* NSData+UIImage.m */ = {isa = PBXFileReference; fileEncoding = 4; lastKnownFileType = sourcecode.c.objc; path = "NSData+UIImage.m"; sourceTree = "<group>"; };
		B6D797EA1F15F00D00168B4E /* NSDate+Stamp.h */ = {isa = PBXFileReference; fileEncoding = 4; lastKnownFileType = sourcecode.c.h; path = "NSDate+Stamp.h"; sourceTree = "<group>"; };
		B6D797EB1F15F00D00168B4E /* NSDate+Stamp.m */ = {isa = PBXFileReference; fileEncoding = 4; lastKnownFileType = sourcecode.c.objc; path = "NSDate+Stamp.m"; sourceTree = "<group>"; };
		B6D797ED1F15F00D00168B4E /* NSString+JSON.h */ = {isa = PBXFileReference; fileEncoding = 4; lastKnownFileType = sourcecode.c.h; path = "NSString+JSON.h"; sourceTree = "<group>"; };
		B6D797EE1F15F00D00168B4E /* NSString+JSON.m */ = {isa = PBXFileReference; fileEncoding = 4; lastKnownFileType = sourcecode.c.objc; path = "NSString+JSON.m"; sourceTree = "<group>"; };
		B6D797F01F15F00D00168B4E /* UIButton+ImageTitleSpacing.h */ = {isa = PBXFileReference; fileEncoding = 4; lastKnownFileType = sourcecode.c.h; path = "UIButton+ImageTitleSpacing.h"; sourceTree = "<group>"; };
		B6D797F11F15F00D00168B4E /* UIButton+ImageTitleSpacing.m */ = {isa = PBXFileReference; fileEncoding = 4; lastKnownFileType = sourcecode.c.objc; path = "UIButton+ImageTitleSpacing.m"; sourceTree = "<group>"; };
		B6D797F31F15F00D00168B4E /* UILabel+TextAttribute.h */ = {isa = PBXFileReference; fileEncoding = 4; lastKnownFileType = sourcecode.c.h; path = "UILabel+TextAttribute.h"; sourceTree = "<group>"; };
		B6D797F41F15F00D00168B4E /* UILabel+TextAttribute.m */ = {isa = PBXFileReference; fileEncoding = 4; lastKnownFileType = sourcecode.c.objc; path = "UILabel+TextAttribute.m"; sourceTree = "<group>"; };
		B6D797F61F15F00D00168B4E /* UIView+ViewController.h */ = {isa = PBXFileReference; fileEncoding = 4; lastKnownFileType = sourcecode.c.h; path = "UIView+ViewController.h"; sourceTree = "<group>"; };
		B6D797F71F15F00D00168B4E /* UIView+ViewController.m */ = {isa = PBXFileReference; fileEncoding = 4; lastKnownFileType = sourcecode.c.objc; path = "UIView+ViewController.m"; sourceTree = "<group>"; };
		B6D797F91F15F00D00168B4E /* UIViewExt.h */ = {isa = PBXFileReference; fileEncoding = 4; lastKnownFileType = sourcecode.c.h; path = UIViewExt.h; sourceTree = "<group>"; };
		B6D797FA1F15F00D00168B4E /* UIViewExt.m */ = {isa = PBXFileReference; fileEncoding = 4; lastKnownFileType = sourcecode.c.objc; path = UIViewExt.m; sourceTree = "<group>"; };
		B6D797FC1F15F00D00168B4E /* UILabel+Rect.h */ = {isa = PBXFileReference; fileEncoding = 4; lastKnownFileType = sourcecode.c.h; path = "UILabel+Rect.h"; sourceTree = "<group>"; };
		B6D797FD1F15F00D00168B4E /* UILabel+Rect.m */ = {isa = PBXFileReference; fileEncoding = 4; lastKnownFileType = sourcecode.c.objc; path = "UILabel+Rect.m"; sourceTree = "<group>"; };
		B6DDAE541F1E5C8A009F66A6 /* HDJEnum.h */ = {isa = PBXFileReference; lastKnownFileType = sourcecode.c.h; path = HDJEnum.h; sourceTree = "<group>"; };
		B6DE3C94200DC88400C53109 /* HDJBillHeaderView.h */ = {isa = PBXFileReference; lastKnownFileType = sourcecode.c.h; path = HDJBillHeaderView.h; sourceTree = "<group>"; };
		B6DE3C95200DC88400C53109 /* HDJBillHeaderView.m */ = {isa = PBXFileReference; lastKnownFileType = sourcecode.c.objc; path = HDJBillHeaderView.m; sourceTree = "<group>"; };
		B6DE3C97200DC88B00C53109 /* HDJBillFooterView.h */ = {isa = PBXFileReference; lastKnownFileType = sourcecode.c.h; path = HDJBillFooterView.h; sourceTree = "<group>"; };
		B6DE3C98200DC88B00C53109 /* HDJBillFooterView.m */ = {isa = PBXFileReference; lastKnownFileType = sourcecode.c.objc; path = HDJBillFooterView.m; sourceTree = "<group>"; };
		B6DF51F41F20D04500E61A89 /* HDJRecordScrollerView.h */ = {isa = PBXFileReference; lastKnownFileType = sourcecode.c.h; path = HDJRecordScrollerView.h; sourceTree = "<group>"; };
		B6DF51F51F20D04500E61A89 /* HDJRecordScrollerView.m */ = {isa = PBXFileReference; lastKnownFileType = sourcecode.c.objc; path = HDJRecordScrollerView.m; sourceTree = "<group>"; };
		B6EA4C9E1FF0BA78003F49F9 /* HDJAuthenticationViewController.h */ = {isa = PBXFileReference; lastKnownFileType = sourcecode.c.h; path = HDJAuthenticationViewController.h; sourceTree = "<group>"; };
		B6EA4C9F1FF0BA78003F49F9 /* HDJAuthenticationViewController.m */ = {isa = PBXFileReference; lastKnownFileType = sourcecode.c.objc; path = HDJAuthenticationViewController.m; sourceTree = "<group>"; };
		B6F883F11F166DBF0060E7E4 /* HDJPropertyViewController.h */ = {isa = PBXFileReference; fileEncoding = 4; lastKnownFileType = sourcecode.c.h; path = HDJPropertyViewController.h; sourceTree = "<group>"; };
		B6F883F21F166DBF0060E7E4 /* HDJPropertyViewController.m */ = {isa = PBXFileReference; fileEncoding = 4; lastKnownFileType = sourcecode.c.objc; path = HDJPropertyViewController.m; sourceTree = "<group>"; };
		B6F883F41F166DCF0060E7E4 /* HDJStatementViewController.h */ = {isa = PBXFileReference; fileEncoding = 4; lastKnownFileType = sourcecode.c.h; path = HDJStatementViewController.h; sourceTree = "<group>"; };
		B6F883F51F166DCF0060E7E4 /* HDJStatementViewController.m */ = {isa = PBXFileReference; fileEncoding = 4; lastKnownFileType = sourcecode.c.objc; path = HDJStatementViewController.m; sourceTree = "<group>"; };
		B6F883F71F166DDE0060E7E4 /* HDJBillViewController.h */ = {isa = PBXFileReference; fileEncoding = 4; lastKnownFileType = sourcecode.c.h; path = HDJBillViewController.h; sourceTree = "<group>"; };
		B6F883F81F166DDE0060E7E4 /* HDJBillViewController.m */ = {isa = PBXFileReference; fileEncoding = 4; lastKnownFileType = sourcecode.c.objc; path = HDJBillViewController.m; sourceTree = "<group>"; };
		B6F883FA1F166DE90060E7E4 /* HDJManageViewController.h */ = {isa = PBXFileReference; fileEncoding = 4; lastKnownFileType = sourcecode.c.h; path = HDJManageViewController.h; sourceTree = "<group>"; };
		B6F883FB1F166DE90060E7E4 /* HDJManageViewController.m */ = {isa = PBXFileReference; fileEncoding = 4; lastKnownFileType = sourcecode.c.objc; path = HDJManageViewController.m; sourceTree = "<group>"; };
		B6F883FD1F166DFA0060E7E4 /* HDJMoreViewController.h */ = {isa = PBXFileReference; fileEncoding = 4; lastKnownFileType = sourcecode.c.h; path = HDJMoreViewController.h; sourceTree = "<group>"; };
		B6F883FE1F166DFA0060E7E4 /* HDJMoreViewController.m */ = {isa = PBXFileReference; fileEncoding = 4; lastKnownFileType = sourcecode.c.objc; path = HDJMoreViewController.m; sourceTree = "<group>"; };
		E433258BC0FF9B4E80C62A77 /* libPods-Accounting.a */ = {isa = PBXFileReference; explicitFileType = archive.ar; includeInIndex = 0; path = "libPods-Accounting.a"; sourceTree = BUILT_PRODUCTS_DIR; };
/* End PBXFileReference section */

/* Begin PBXFrameworksBuildPhase section */
		B6D7978B1F15EEEB00168B4E /* Frameworks */ = {
			isa = PBXFrameworksBuildPhase;
			buildActionMask = 2147483647;
			files = (
				B693923B1F185E5900616A37 /* libsqlite3.0.tbd in Frameworks */,
				85E7070781AC8E86A4670CC3 /* libPods-Accounting.a in Frameworks */,
			);
			runOnlyForDeploymentPostprocessing = 0;
		};
/* End PBXFrameworksBuildPhase section */

/* Begin PBXGroup section */
		0D1305D8F45B0FC64F57DD20 /* Frameworks */ = {
			isa = PBXGroup;
			children = (
				B693923A1F185E5900616A37 /* libsqlite3.0.tbd */,
				E433258BC0FF9B4E80C62A77 /* libPods-Accounting.a */,
			);
			name = Frameworks;
			sourceTree = "<group>";
		};
		A383A3D874511527BDB5C567 /* Pods */ = {
			isa = PBXGroup;
			children = (
				A525E62444C6977493FEAE7F /* Pods-Accounting.debug.xcconfig */,
				283A9A6A7EF82B001109EFAD /* Pods-Accounting.release.xcconfig */,
			);
			name = Pods;
			sourceTree = "<group>";
		};
		B6198A0A1F1F3BA600113660 /* HDJAddRecordViewController */ = {
			isa = PBXGroup;
			children = (
				B6198A0B1F1F3BDB00113660 /* HDJAddRecordViewController.h */,
				B6198A0C1F1F3BDB00113660 /* HDJAddRecordViewController.m */,
			);
			path = HDJAddRecordViewController;
			sourceTree = "<group>";
		};
		B6198A0E1F1F5CB500113660 /* HDJRecordTopView */ = {
			isa = PBXGroup;
			children = (
				B6198A0F1F1F5CDC00113660 /* HDJRecordTopView.h */,
				B6198A101F1F5CDC00113660 /* HDJRecordTopView.m */,
			);
			path = HDJRecordTopView;
			sourceTree = "<group>";
		};
		B6198A121F1F5FFE00113660 /* HDJRecordView */ = {
			isa = PBXGroup;
			children = (
				B6198A161F1F62A300113660 /* HDJRecordCollectionViewCell */,
				B6198A131F1F602200113660 /* HDJRecordView.h */,
				B6198A141F1F602200113660 /* HDJRecordView.m */,
			);
			path = HDJRecordView;
			sourceTree = "<group>";
		};
		B6198A161F1F62A300113660 /* HDJRecordCollectionViewCell */ = {
			isa = PBXGroup;
			children = (
				B6198A171F1F62D500113660 /* HDJRecordCollectionViewCell.h */,
				B6198A181F1F62D500113660 /* HDJRecordCollectionViewCell.m */,
			);
			path = HDJRecordCollectionViewCell;
			sourceTree = "<group>";
		};
		B637F81B1F22020D00012326 /* HDJEditCategoryController */ = {
			isa = PBXGroup;
			children = (
				B637F81C1F22027900012326 /* HDJEditCategoryController.h */,
				B637F81D1F22027900012326 /* HDJEditCategoryController.m */,
			);
			path = HDJEditCategoryController;
			sourceTree = "<group>";
		};
		B637F81F1F2206D800012326 /* UIImage+DeepCopy */ = {
			isa = PBXGroup;
			children = (
				B637F8201F2206FE00012326 /* UIImage+DeepCopy.h */,
				B637F8211F2206FE00012326 /* UIImage+DeepCopy.m */,
			);
			path = "UIImage+DeepCopy";
			sourceTree = "<group>";
		};
		B65304C61F1E4BA900FA3FAD /* Bill */ = {
			isa = PBXGroup;
			children = (
				B6B954A42020175200D24F3C /* HDJCalendarView */,
				B6DE3C93200DC87600C53109 /* HDJBillHeaderView */,
				B6DE3C92200DC86900C53109 /* HDJBillFooterView */,
				B6A5BA24200C79840006F1AD /* HDJBillDisplayCell */,
				B6C265081F2330E5001949C2 /* HDJCateCollectionViewCell */,
				B6C265041F232CEC001949C2 /* HDJAddCategoryTopView */,
				B6DF51F31F20CFD200E61A89 /* HDJRecordScrollerView */,
				B6198A121F1F5FFE00113660 /* HDJRecordView */,
				B6198A0E1F1F5CB500113660 /* HDJRecordTopView */,
			);
			path = Bill;
			sourceTree = "<group>";
		};
		B65304C71F1E4BA900FA3FAD /* Statement */ = {
			isa = PBXGroup;
			children = (
			);
			path = Statement;
			sourceTree = "<group>";
		};
		B65304C81F1E4BA900FA3FAD /* Property */ = {
			isa = PBXGroup;
			children = (
			);
			path = Property;
			sourceTree = "<group>";
		};
		B65304C91F1E4BA900FA3FAD /* More */ = {
			isa = PBXGroup;
			children = (
			);
			path = More;
			sourceTree = "<group>";
		};
		B65304CA1F1E4BA900FA3FAD /* Manage */ = {
			isa = PBXGroup;
			children = (
			);
			path = Manage;
			sourceTree = "<group>";
		};
		B65304CB1F1E4BB500FA3FAD /* Statement */ = {
			isa = PBXGroup;
			children = (
			);
			path = Statement;
			sourceTree = "<group>";
		};
		B65304CC1F1E4BB500FA3FAD /* More */ = {
			isa = PBXGroup;
			children = (
			);
			path = More;
			sourceTree = "<group>";
		};
		B65304CD1F1E4BB500FA3FAD /* Property */ = {
			isa = PBXGroup;
			children = (
			);
			path = Property;
			sourceTree = "<group>";
		};
		B65304CE1F1E4BB500FA3FAD /* Bill */ = {
			isa = PBXGroup;
			children = (
				B65304D11F1E4F5900FA3FAD /* HDJIncomeExpensesModel */,
				B65304D21F1E4F5900FA3FAD /* HDJIERecordModel */,
				B65304D01F1E4F5900FA3FAD /* HDJProjectTypeModel */,
			);
			path = Bill;
			sourceTree = "<group>";
		};
		B65304CF1F1E4BB500FA3FAD /* Manage */ = {
			isa = PBXGroup;
			children = (
			);
			path = Manage;
			sourceTree = "<group>";
		};
		B65304D01F1E4F5900FA3FAD /* HDJProjectTypeModel */ = {
			isa = PBXGroup;
			children = (
				B65304D61F1E4F7200FA3FAD /* HDJProjectTypeModel.h */,
				B65304D71F1E4F7200FA3FAD /* HDJProjectTypeModel.m */,
			);
			path = HDJProjectTypeModel;
			sourceTree = "<group>";
		};
		B65304D11F1E4F5900FA3FAD /* HDJIncomeExpensesModel */ = {
			isa = PBXGroup;
			children = (
				B65304D91F1E4F8800FA3FAD /* HDJIncomeExpensesModel.h */,
				B65304DA1F1E4F8800FA3FAD /* HDJIncomeExpensesModel.m */,
			);
			path = HDJIncomeExpensesModel;
			sourceTree = "<group>";
		};
		B65304D21F1E4F5900FA3FAD /* HDJIERecordModel */ = {
			isa = PBXGroup;
			children = (
				B65304D31F1E4F6800FA3FAD /* HDJIERecordModel.h */,
				B65304D41F1E4F6800FA3FAD /* HDJIERecordModel.m */,
			);
			path = HDJIERecordModel;
			sourceTree = "<group>";
		};
		B67756401FFF46A00047AA40 /* HDJDSQLSearchModel */ = {
			isa = PBXGroup;
			children = (
				B67756411FFF46BB0047AA40 /* HDJDSQLSearchModel.h */,
				B67756421FFF46BB0047AA40 /* HDJDSQLSearchModel.m */,
			);
			path = HDJDSQLSearchModel;
			sourceTree = "<group>";
		};
		B67756481FFFAE340047AA40 /* MBProgressHUD+NJ */ = {
			isa = PBXGroup;
			children = (
				B6A5BA1A20089FF20006F1AD /* MBProgressHUD.bundle */,
				B677564A1FFFAE340047AA40 /* MBProgressHUD+NJ.h */,
				B67756491FFFAE340047AA40 /* MBProgressHUD+NJ.m */,
			);
			path = "MBProgressHUD+NJ";
			sourceTree = "<group>";
		};
		B677565B2003693B0047AA40 /* HDJTableViewCell */ = {
			isa = PBXGroup;
			children = (
				B677565C200369570047AA40 /* HDJTableViewCell.h */,
				B677565D200369570047AA40 /* HDJTableViewCell.m */,
			);
			path = HDJTableViewCell;
			sourceTree = "<group>";
		};
		B69392401F19959800616A37 /* DJDB */ = {
			isa = PBXGroup;
			children = (
				B69392441F1B3ADD00616A37 /* DJDatabaseManager.h */,
				B69392451F1B3ADD00616A37 /* DJDatabaseManager.m */,
			);
			path = DJDB;
			sourceTree = "<group>";
		};
		B6A5BA24200C79840006F1AD /* HDJBillDisplayCell */ = {
			isa = PBXGroup;
			children = (
				B6A5BA25200C79A20006F1AD /* HDJBillDisplayCell.h */,
				B6A5BA26200C79A20006F1AD /* HDJBillDisplayCell.m */,
			);
			path = HDJBillDisplayCell;
			sourceTree = "<group>";
		};
		B6A5BA28200C7EC90006F1AD /* UIImage+Radius */ = {
			isa = PBXGroup;
			children = (
				B6A5BA29200C7EE60006F1AD /* UIImage+Radius.h */,
				B6A5BA2A200C7EE60006F1AD /* UIImage+Radius.m */,
			);
			path = "UIImage+Radius";
			sourceTree = "<group>";
		};
		B6B9548B201EEE3C00D24F3C /* UILabel+Builder */ = {
			isa = PBXGroup;
			children = (
				B6B9548C201EEE3D00D24F3C /* UILabel+Builder.m */,
				B6B9548D201EEE3D00D24F3C /* UILabel+Builder.h */,
			);
			path = "UILabel+Builder";
			sourceTree = "<group>";
		};
		B6B954A42020175200D24F3C /* HDJCalendarView */ = {
			isa = PBXGroup;
			children = (
				B6B954A52020176B00D24F3C /* HDJCalendarView.h */,
				B6B954A62020176B00D24F3C /* HDJCalendarView.m */,
			);
			path = HDJCalendarView;
			sourceTree = "<group>";
		};
		B6C265001F232986001949C2 /* HDJAddCategoryController */ = {
			isa = PBXGroup;
			children = (
				B6C265011F23299C001949C2 /* HDJAddCategoryController.h */,
				B6C265021F23299C001949C2 /* HDJAddCategoryController.m */,
			);
			path = HDJAddCategoryController;
			sourceTree = "<group>";
		};
		B6C265041F232CEC001949C2 /* HDJAddCategoryTopView */ = {
			isa = PBXGroup;
			children = (
				B6C265051F232CFF001949C2 /* HDJAddCategoryTopView.h */,
				B6C265061F232CFF001949C2 /* HDJAddCategoryTopView.m */,
			);
			path = HDJAddCategoryTopView;
			sourceTree = "<group>";
		};
		B6C265081F2330E5001949C2 /* HDJCateCollectionViewCell */ = {
			isa = PBXGroup;
			children = (
				B6C265091F233105001949C2 /* HDJCateCollectionViewCell.h */,
				B6C2650A1F233105001949C2 /* HDJCateCollectionViewCell.m */,
			);
			path = HDJCateCollectionViewCell;
			sourceTree = "<group>";
		};
		B6C2651B1F26372F001949C2 /* Common */ = {
			isa = PBXGroup;
			children = (
				B677565B2003693B0047AA40 /* HDJTableViewCell */,
				B67756401FFF46A00047AA40 /* HDJDSQLSearchModel */,
				B6C2651C1F263741001949C2 /* HDJCustomKeyBoardView */,
			);
			path = Common;
			sourceTree = "<group>";
		};
		B6C2651C1F263741001949C2 /* HDJCustomKeyBoardView */ = {
			isa = PBXGroup;
			children = (
				B6C265241F2710FD001949C2 /* HDJKeyBoardNumView */,
				B6C265231F2710BB001949C2 /* HDJKeyBoardExtraFuncView */,
				B6C2651D1F263761001949C2 /* HDJCustomKeyBoardView.h */,
				B6C2651E1F263761001949C2 /* HDJCustomKeyBoardView.m */,
			);
			path = HDJCustomKeyBoardView;
			sourceTree = "<group>";
		};
		B6C265201F2644DB001949C2 /* UIView+Extension */ = {
			isa = PBXGroup;
			children = (
				B6C265211F2644DB001949C2 /* UIView+Extension.h */,
				B6C265221F2644DB001949C2 /* UIView+Extension.m */,
			);
			path = "UIView+Extension";
			sourceTree = "<group>";
		};
		B6C265231F2710BB001949C2 /* HDJKeyBoardExtraFuncView */ = {
			isa = PBXGroup;
			children = (
				B6C265281F271124001949C2 /* HDJKeyBoardExtraFuncView.h */,
				B6C265291F271124001949C2 /* HDJKeyBoardExtraFuncView.m */,
			);
			path = HDJKeyBoardExtraFuncView;
			sourceTree = "<group>";
		};
		B6C265241F2710FD001949C2 /* HDJKeyBoardNumView */ = {
			isa = PBXGroup;
			children = (
				B6C2652B1F276572001949C2 /* HDJKeyBoardButtonModel */,
				B6C265251F27111A001949C2 /* HDJKeyBoardNumView.h */,
				B6C265261F27111A001949C2 /* HDJKeyBoardNumView.m */,
			);
			path = HDJKeyBoardNumView;
			sourceTree = "<group>";
		};
		B6C2652B1F276572001949C2 /* HDJKeyBoardButtonModel */ = {
			isa = PBXGroup;
			children = (
				B6C2652F1F2766AF001949C2 /* HDJKeyBoardButton.h */,
				B6C265301F2766AF001949C2 /* HDJKeyBoardButton.m */,
			);
			path = HDJKeyBoardButtonModel;
			sourceTree = "<group>";
		};
		B6D797851F15EEEB00168B4E = {
			isa = PBXGroup;
			children = (
				B6D797901F15EEEB00168B4E /* Accounting */,
				B6D7978F1F15EEEB00168B4E /* Products */,
				A383A3D874511527BDB5C567 /* Pods */,
				0D1305D8F45B0FC64F57DD20 /* Frameworks */,
			);
			sourceTree = "<group>";
		};
		B6D7978F1F15EEEB00168B4E /* Products */ = {
			isa = PBXGroup;
			children = (
				B6D7978E1F15EEEB00168B4E /* Accounting.app */,
			);
			name = Products;
			sourceTree = "<group>";
		};
		B6D797901F15EEEB00168B4E /* Accounting */ = {
			isa = PBXGroup;
			children = (
				B6D797D61F15EF3A00168B4E /* YzlCom */,
				B6D797A81F15EF3A00168B4E /* BaseClass */,
				B6D797BD1F15EF3A00168B4E /* Main */,
				B6D797941F15EEEB00168B4E /* AppDelegate.h */,
				B6D797951F15EEEB00168B4E /* AppDelegate.m */,
				B6D797971F15EEEB00168B4E /* ViewController.h */,
				B6D797981F15EEEB00168B4E /* ViewController.m */,
				B6D7979A1F15EEEB00168B4E /* Main.storyboard */,
				B6D7979D1F15EEEB00168B4E /* Assets.xcassets */,
				B6D7979F1F15EEEB00168B4E /* LaunchScreen.storyboard */,
				B6D797A21F15EEEB00168B4E /* Info.plist */,
				B6D797911F15EEEB00168B4E /* Supporting Files */,
			);
			path = Accounting;
			sourceTree = "<group>";
		};
		B6D797911F15EEEB00168B4E /* Supporting Files */ = {
			isa = PBXGroup;
			children = (
				B6D797B81F15EF3A00168B4E /* Config */,
				B6D797921F15EEEB00168B4E /* main.m */,
				B6D797E51F15EF6D00168B4E /* projectPrefix.pch */,
				B6A5BA182008681A0006F1AD /* project_initial_data.plist */,
			);
			name = "Supporting Files";
			sourceTree = "<group>";
		};
		B6D797A81F15EF3A00168B4E /* BaseClass */ = {
			isa = PBXGroup;
			children = (
				B6D797A91F15EF3A00168B4E /* BaseModel */,
				B6D797AC1F15EF3A00168B4E /* BaseNavigationController */,
				B6D797B21F15EF3A00168B4E /* BaseView */,
				B6D797B51F15EF3A00168B4E /* BaseViewController */,
			);
			path = BaseClass;
			sourceTree = "<group>";
		};
		B6D797A91F15EF3A00168B4E /* BaseModel */ = {
			isa = PBXGroup;
			children = (
				B6D797AA1F15EF3A00168B4E /* BaseModel.h */,
				B6D797AB1F15EF3A00168B4E /* BaseModel.m */,
			);
			path = BaseModel;
			sourceTree = "<group>";
		};
		B6D797AC1F15EF3A00168B4E /* BaseNavigationController */ = {
			isa = PBXGroup;
			children = (
				B6D797AD1F15EF3A00168B4E /* BaseNavigationController.h */,
				B6D797AE1F15EF3A00168B4E /* BaseNavigationController.m */,
			);
			path = BaseNavigationController;
			sourceTree = "<group>";
		};
		B6D797B21F15EF3A00168B4E /* BaseView */ = {
			isa = PBXGroup;
			children = (
				B6D797B31F15EF3A00168B4E /* BaseView.h */,
				B6D797B41F15EF3A00168B4E /* BaseView.m */,
			);
			path = BaseView;
			sourceTree = "<group>";
		};
		B6D797B51F15EF3A00168B4E /* BaseViewController */ = {
			isa = PBXGroup;
			children = (
				B6D797B61F15EF3A00168B4E /* BaseViewController.h */,
				B6D797B71F15EF3A00168B4E /* BaseViewController.m */,
			);
			path = BaseViewController;
			sourceTree = "<group>";
		};
		B6D797B81F15EF3A00168B4E /* Config */ = {
			isa = PBXGroup;
			children = (
				B6D797B91F15EF3A00168B4E /* document.h */,
				B6D797BA1F15EF3A00168B4E /* YZLConfig.h */,
				B6D797BB1F15EF3A00168B4E /* YZLGlobalVariables.h */,
				B6D797BC1F15EF3A00168B4E /* YZLNotification.h */,
				B6DDAE541F1E5C8A009F66A6 /* HDJEnum.h */,
			);
			path = Config;
			sourceTree = "<group>";
		};
		B6D797BD1F15EF3A00168B4E /* Main */ = {
			isa = PBXGroup;
			children = (
				B6D797D01F15EF3A00168B4E /* Tabbar */,
				B6D797C41F15EF3A00168B4E /* Launch */,
				B6D797BE1F15EF3A00168B4E /* Controller */,
				B6D797C71F15EF3A00168B4E /* Model */,
				B6D797D31F15EF3A00168B4E /* View */,
			);
			path = Main;
			sourceTree = "<group>";
		};
		B6D797BE1F15EF3A00168B4E /* Controller */ = {
			isa = PBXGroup;
			children = (
				B6EA4C9D1FF0BA58003F49F9 /* Authentication(识别) */,
				B6F883F01F166C160060E7E4 /* Property(资产) */,
				B6F883EF1F166C0E0060E7E4 /* Statement(报表) */,
				B6F883EE1F166C030060E7E4 /* Bill(账单) */,
				B6F883ED1F166BE00060E7E4 /* Manage(理财) */,
				B6F883EC1F166BDA0060E7E4 /* More(更多) */,
			);
			path = Controller;
			sourceTree = "<group>";
		};
		B6D797C41F15EF3A00168B4E /* Launch */ = {
			isa = PBXGroup;
			children = (
				B6D797C51F15EF3A00168B4E /* LaunchViewController.h */,
				B6D797C61F15EF3A00168B4E /* LaunchViewController.m */,
			);
			path = Launch;
			sourceTree = "<group>";
		};
		B6D797C71F15EF3A00168B4E /* Model */ = {
			isa = PBXGroup;
			children = (
				B65304CD1F1E4BB500FA3FAD /* Property */,
				B65304CB1F1E4BB500FA3FAD /* Statement */,
				B65304CE1F1E4BB500FA3FAD /* Bill */,
				B65304CF1F1E4BB500FA3FAD /* Manage */,
				B65304CC1F1E4BB500FA3FAD /* More */,
			);
			path = Model;
			sourceTree = "<group>";
		};
		B6D797D01F15EF3A00168B4E /* Tabbar */ = {
			isa = PBXGroup;
			children = (
				B6D797D11F15EF3A00168B4E /* TabBarViewController.h */,
				B6D797D21F15EF3A00168B4E /* TabBarViewController.m */,
			);
			path = Tabbar;
			sourceTree = "<group>";
		};
		B6D797D31F15EF3A00168B4E /* View */ = {
			isa = PBXGroup;
			children = (
				B65304C81F1E4BA900FA3FAD /* Property */,
				B65304C71F1E4BA900FA3FAD /* Statement */,
				B65304C61F1E4BA900FA3FAD /* Bill */,
				B65304CA1F1E4BA900FA3FAD /* Manage */,
				B65304C91F1E4BA900FA3FAD /* More */,
			);
			path = View;
			sourceTree = "<group>";
		};
		B6D797D61F15EF3A00168B4E /* YzlCom */ = {
			isa = PBXGroup;
			children = (
				B6C2651B1F26372F001949C2 /* Common */,
				B69392401F19959800616A37 /* DJDB */,
				B6D797D71F15EF3A00168B4E /* Category */,
			);
			path = YzlCom;
			sourceTree = "<group>";
		};
		B6D797D71F15EF3A00168B4E /* Category */ = {
			isa = PBXGroup;
			children = (
				B6B9548B201EEE3C00D24F3C /* UILabel+Builder */,
				B6A5BA28200C7EC90006F1AD /* UIImage+Radius */,
				B67756481FFFAE340047AA40 /* MBProgressHUD+NJ */,
				B6C265201F2644DB001949C2 /* UIView+Extension */,
				B637F81F1F2206D800012326 /* UIImage+DeepCopy */,
				B6D797E61F15F00D00168B4E /* NSData+UIImage */,
				B6D797E91F15F00D00168B4E /* NSDate+Stamp */,
				B6D797EC1F15F00D00168B4E /* NSString+Json */,
				B6D797EF1F15F00D00168B4E /* UIButton+ImageTitleSpacing */,
				B6D797F21F15F00D00168B4E /* UILabel+TextAttribute */,
				B6D797F51F15F00D00168B4E /* UIView+ViewController */,
				B6D797F81F15F00D00168B4E /* UIViewExt */,
				B6D797FB1F15F00D00168B4E /* YZLUILabel+Rect */,
			);
			path = Category;
			sourceTree = "<group>";
		};
		B6D797E61F15F00D00168B4E /* NSData+UIImage */ = {
			isa = PBXGroup;
			children = (
				B6D797E71F15F00D00168B4E /* NSData+UIImage.h */,
				B6D797E81F15F00D00168B4E /* NSData+UIImage.m */,
			);
			path = "NSData+UIImage";
			sourceTree = "<group>";
		};
		B6D797E91F15F00D00168B4E /* NSDate+Stamp */ = {
			isa = PBXGroup;
			children = (
				B6D797EA1F15F00D00168B4E /* NSDate+Stamp.h */,
				B6D797EB1F15F00D00168B4E /* NSDate+Stamp.m */,
			);
			path = "NSDate+Stamp";
			sourceTree = "<group>";
		};
		B6D797EC1F15F00D00168B4E /* NSString+Json */ = {
			isa = PBXGroup;
			children = (
				B6D797ED1F15F00D00168B4E /* NSString+JSON.h */,
				B6D797EE1F15F00D00168B4E /* NSString+JSON.m */,
			);
			path = "NSString+Json";
			sourceTree = "<group>";
		};
		B6D797EF1F15F00D00168B4E /* UIButton+ImageTitleSpacing */ = {
			isa = PBXGroup;
			children = (
				B6D797F01F15F00D00168B4E /* UIButton+ImageTitleSpacing.h */,
				B6D797F11F15F00D00168B4E /* UIButton+ImageTitleSpacing.m */,
			);
			path = "UIButton+ImageTitleSpacing";
			sourceTree = "<group>";
		};
		B6D797F21F15F00D00168B4E /* UILabel+TextAttribute */ = {
			isa = PBXGroup;
			children = (
				B6D797F31F15F00D00168B4E /* UILabel+TextAttribute.h */,
				B6D797F41F15F00D00168B4E /* UILabel+TextAttribute.m */,
			);
			path = "UILabel+TextAttribute";
			sourceTree = "<group>";
		};
		B6D797F51F15F00D00168B4E /* UIView+ViewController */ = {
			isa = PBXGroup;
			children = (
				B6D797F61F15F00D00168B4E /* UIView+ViewController.h */,
				B6D797F71F15F00D00168B4E /* UIView+ViewController.m */,
			);
			path = "UIView+ViewController";
			sourceTree = "<group>";
		};
		B6D797F81F15F00D00168B4E /* UIViewExt */ = {
			isa = PBXGroup;
			children = (
				B6D797F91F15F00D00168B4E /* UIViewExt.h */,
				B6D797FA1F15F00D00168B4E /* UIViewExt.m */,
			);
			path = UIViewExt;
			sourceTree = "<group>";
		};
		B6D797FB1F15F00D00168B4E /* YZLUILabel+Rect */ = {
			isa = PBXGroup;
			children = (
				B6D797FC1F15F00D00168B4E /* UILabel+Rect.h */,
				B6D797FD1F15F00D00168B4E /* UILabel+Rect.m */,
			);
			path = "YZLUILabel+Rect";
			sourceTree = "<group>";
		};
		B6DE3C92200DC86900C53109 /* HDJBillFooterView */ = {
			isa = PBXGroup;
			children = (
				B6DE3C97200DC88B00C53109 /* HDJBillFooterView.h */,
				B6DE3C98200DC88B00C53109 /* HDJBillFooterView.m */,
			);
			path = HDJBillFooterView;
			sourceTree = "<group>";
		};
		B6DE3C93200DC87600C53109 /* HDJBillHeaderView */ = {
			isa = PBXGroup;
			children = (
				B6DE3C94200DC88400C53109 /* HDJBillHeaderView.h */,
				B6DE3C95200DC88400C53109 /* HDJBillHeaderView.m */,
			);
			path = HDJBillHeaderView;
			sourceTree = "<group>";
		};
		B6DF51F31F20CFD200E61A89 /* HDJRecordScrollerView */ = {
			isa = PBXGroup;
			children = (
				B6DF51F41F20D04500E61A89 /* HDJRecordScrollerView.h */,
				B6DF51F51F20D04500E61A89 /* HDJRecordScrollerView.m */,
			);
			path = HDJRecordScrollerView;
			sourceTree = "<group>";
		};
		B6EA4C9D1FF0BA58003F49F9 /* Authentication(识别) */ = {
			isa = PBXGroup;
			children = (
				B6EA4C9E1FF0BA78003F49F9 /* HDJAuthenticationViewController.h */,
				B6EA4C9F1FF0BA78003F49F9 /* HDJAuthenticationViewController.m */,
			);
			name = "Authentication(识别)";
			path = Authentication;
			sourceTree = "<group>";
		};
		B6F883EC1F166BDA0060E7E4 /* More(更多) */ = {
			isa = PBXGroup;
			children = (
				B6F883FD1F166DFA0060E7E4 /* HDJMoreViewController.h */,
				B6F883FE1F166DFA0060E7E4 /* HDJMoreViewController.m */,
			);
			name = "More(更多)";
			path = More;
			sourceTree = "<group>";
		};
		B6F883ED1F166BE00060E7E4 /* Manage(理财) */ = {
			isa = PBXGroup;
			children = (
				B6F883FA1F166DE90060E7E4 /* HDJManageViewController.h */,
				B6F883FB1F166DE90060E7E4 /* HDJManageViewController.m */,
			);
			name = "Manage(理财)";
			path = Manage;
			sourceTree = "<group>";
		};
		B6F883EE1F166C030060E7E4 /* Bill(账单) */ = {
			isa = PBXGroup;
			children = (
				B6C265001F232986001949C2 /* HDJAddCategoryController */,
				B637F81B1F22020D00012326 /* HDJEditCategoryController */,
				B6198A0A1F1F3BA600113660 /* HDJAddRecordViewController */,
				B6F883F71F166DDE0060E7E4 /* HDJBillViewController.h */,
				B6F883F81F166DDE0060E7E4 /* HDJBillViewController.m */,
			);
			name = "Bill(账单)";
			path = Bill;
			sourceTree = "<group>";
		};
		B6F883EF1F166C0E0060E7E4 /* Statement(报表) */ = {
			isa = PBXGroup;
			children = (
				B6F883F41F166DCF0060E7E4 /* HDJStatementViewController.h */,
				B6F883F51F166DCF0060E7E4 /* HDJStatementViewController.m */,
			);
			name = "Statement(报表)";
			path = Statement;
			sourceTree = "<group>";
		};
		B6F883F01F166C160060E7E4 /* Property(资产) */ = {
			isa = PBXGroup;
			children = (
				B6F883F11F166DBF0060E7E4 /* HDJPropertyViewController.h */,
				B6F883F21F166DBF0060E7E4 /* HDJPropertyViewController.m */,
			);
			name = "Property(资产)";
			path = Property;
			sourceTree = "<group>";
		};
/* End PBXGroup section */

/* Begin PBXNativeTarget section */
		B6D7978D1F15EEEB00168B4E /* Accounting */ = {
			isa = PBXNativeTarget;
			buildConfigurationList = B6D797A51F15EEEB00168B4E /* Build configuration list for PBXNativeTarget "Accounting" */;
			buildPhases = (
				5BF5DCEDE6A768B8C36CAAC6 /* [CP] Check Pods Manifest.lock */,
				B6D7978A1F15EEEB00168B4E /* Sources */,
				B6D7978B1F15EEEB00168B4E /* Frameworks */,
				B6D7978C1F15EEEB00168B4E /* Resources */,
				D53EC9C7717556D371BB4C8C /* [CP] Embed Pods Frameworks */,
				B61F5C8BEA57FEDEC540C544 /* [CP] Copy Pods Resources */,
			);
			buildRules = (
			);
			dependencies = (
			);
			name = Accounting;
			productName = Accounting;
			productReference = B6D7978E1F15EEEB00168B4E /* Accounting.app */;
			productType = "com.apple.product-type.application";
		};
/* End PBXNativeTarget section */

/* Begin PBXProject section */
		B6D797861F15EEEB00168B4E /* Project object */ = {
			isa = PBXProject;
			attributes = {
				LastUpgradeCheck = 0830;
				ORGANIZATIONNAME = hongdongjie;
				TargetAttributes = {
					B6D7978D1F15EEEB00168B4E = {
						CreatedOnToolsVersion = 8.3.3;
						DevelopmentTeam = X5L85KS9B2;
						ProvisioningStyle = Automatic;
					};
				};
			};
			buildConfigurationList = B6D797891F15EEEB00168B4E /* Build configuration list for PBXProject "Accounting" */;
			compatibilityVersion = "Xcode 3.2";
			developmentRegion = English;
			hasScannedForEncodings = 0;
			knownRegions = (
				en,
				Base,
			);
			mainGroup = B6D797851F15EEEB00168B4E;
			productRefGroup = B6D7978F1F15EEEB00168B4E /* Products */;
			projectDirPath = "";
			projectRoot = "";
			targets = (
				B6D7978D1F15EEEB00168B4E /* Accounting */,
			);
		};
/* End PBXProject section */

/* Begin PBXResourcesBuildPhase section */
		B6D7978C1F15EEEB00168B4E /* Resources */ = {
			isa = PBXResourcesBuildPhase;
			buildActionMask = 2147483647;
			files = (
				B6D797A11F15EEEB00168B4E /* LaunchScreen.storyboard in Resources */,
				B6A5BA192008681A0006F1AD /* project_initial_data.plist in Resources */,
				B6A5BA1B20089FF30006F1AD /* MBProgressHUD.bundle in Resources */,
				B6D7979E1F15EEEB00168B4E /* Assets.xcassets in Resources */,
				B6D7979C1F15EEEB00168B4E /* Main.storyboard in Resources */,
			);
			runOnlyForDeploymentPostprocessing = 0;
		};
/* End PBXResourcesBuildPhase section */

/* Begin PBXShellScriptBuildPhase section */
		5BF5DCEDE6A768B8C36CAAC6 /* [CP] Check Pods Manifest.lock */ = {
			isa = PBXShellScriptBuildPhase;
			buildActionMask = 2147483647;
			files = (
			);
			inputPaths = (
				"${PODS_PODFILE_DIR_PATH}/Podfile.lock",
				"${PODS_ROOT}/Manifest.lock",
			);
			name = "[CP] Check Pods Manifest.lock";
			outputPaths = (
				"$(DERIVED_FILE_DIR)/Pods-Accounting-checkManifestLockResult.txt",
			);
			runOnlyForDeploymentPostprocessing = 0;
			shellPath = /bin/sh;
			shellScript = "diff \"${PODS_PODFILE_DIR_PATH}/Podfile.lock\" \"${PODS_ROOT}/Manifest.lock\" > /dev/null\nif [ $? != 0 ] ; then\n    # print error to STDERR\n    echo \"error: The sandbox is not in sync with the Podfile.lock. Run 'pod install' or update your CocoaPods installation.\" >&2\n    exit 1\nfi\n# This output is used by Xcode 'outputs' to avoid re-running this script phase.\necho \"SUCCESS\" > \"${SCRIPT_OUTPUT_FILE_0}\"\n";
			showEnvVarsInLog = 0;
		};
		B61F5C8BEA57FEDEC540C544 /* [CP] Copy Pods Resources */ = {
			isa = PBXShellScriptBuildPhase;
			buildActionMask = 2147483647;
			files = (
			);
			inputPaths = (
			);
			name = "[CP] Copy Pods Resources";
			outputPaths = (
			);
			runOnlyForDeploymentPostprocessing = 0;
			shellPath = /bin/sh;
			shellScript = "\"${SRCROOT}/Pods/Target Support Files/Pods-Accounting/Pods-Accounting-resources.sh\"\n";
			showEnvVarsInLog = 0;
		};
		D53EC9C7717556D371BB4C8C /* [CP] Embed Pods Frameworks */ = {
			isa = PBXShellScriptBuildPhase;
			buildActionMask = 2147483647;
			files = (
			);
			inputPaths = (
			);
			name = "[CP] Embed Pods Frameworks";
			outputPaths = (
			);
			runOnlyForDeploymentPostprocessing = 0;
			shellPath = /bin/sh;
			shellScript = "\"${SRCROOT}/Pods/Target Support Files/Pods-Accounting/Pods-Accounting-frameworks.sh\"\n";
			showEnvVarsInLog = 0;
		};
/* End PBXShellScriptBuildPhase section */

/* Begin PBXSourcesBuildPhase section */
		B6D7978A1F15EEEB00168B4E /* Sources */ = {
			isa = PBXSourcesBuildPhase;
			buildActionMask = 2147483647;
			files = (
				B6198A111F1F5CDC00113660 /* HDJRecordTopView.m in Sources */,
				B6F883F91F166DDE0060E7E4 /* HDJBillViewController.m in Sources */,
				B65304D51F1E4F6800FA3FAD /* HDJIERecordModel.m in Sources */,
				B6DE3C96200DC88400C53109 /* HDJBillHeaderView.m in Sources */,
				B65304DB1F1E4F8800FA3FAD /* HDJIncomeExpensesModel.m in Sources */,
				B6D797FE1F15F00D00168B4E /* NSData+UIImage.m in Sources */,
				B6F883FC1F166DE90060E7E4 /* HDJManageViewController.m in Sources */,
				B69392461F1B3ADD00616A37 /* DJDatabaseManager.m in Sources */,
				B6F883FF1F166DFA0060E7E4 /* HDJMoreViewController.m in Sources */,
				B6C265071F232CFF001949C2 /* HDJAddCategoryTopView.m in Sources */,
				B6D798031F15F00D00168B4E /* UIView+ViewController.m in Sources */,
				B6C2651F1F263761001949C2 /* HDJCustomKeyBoardView.m in Sources */,
				B6A5BA2B200C7EE60006F1AD /* UIImage+Radius.m in Sources */,
				B6F883F61F166DCF0060E7E4 /* HDJStatementViewController.m in Sources */,
				B6198A0D1F1F3BDB00113660 /* HDJAddRecordViewController.m in Sources */,
				B6D798051F15F00D00168B4E /* UILabel+Rect.m in Sources */,
				B677565E200369570047AA40 /* HDJTableViewCell.m in Sources */,
				B6D798021F15F00D00168B4E /* UILabel+TextAttribute.m in Sources */,
				B6D797DC1F15EF3A00168B4E /* BaseViewController.m in Sources */,
				B6D797991F15EEEB00168B4E /* ViewController.m in Sources */,
				B6D797FF1F15F00D00168B4E /* NSDate+Stamp.m in Sources */,
				B6C265031F23299C001949C2 /* HDJAddCategoryController.m in Sources */,
				B6198A191F1F62D500113660 /* HDJRecordCollectionViewCell.m in Sources */,
				B6D797DB1F15EF3A00168B4E /* BaseView.m in Sources */,
				B637F8221F2206FE00012326 /* UIImage+DeepCopy.m in Sources */,
				B6C2652A1F271124001949C2 /* HDJKeyBoardExtraFuncView.m in Sources */,
				B6D798001F15F00D00168B4E /* NSString+JSON.m in Sources */,
				B6198A151F1F602200113660 /* HDJRecordView.m in Sources */,
				B637F81E1F22027900012326 /* HDJEditCategoryController.m in Sources */,
				B6EA4CA01FF0BA78003F49F9 /* HDJAuthenticationViewController.m in Sources */,
				B6A5BA27200C79A20006F1AD /* HDJBillDisplayCell.m in Sources */,
				B6B954A72020176B00D24F3C /* HDJCalendarView.m in Sources */,
				B6D798011F15F00D00168B4E /* UIButton+ImageTitleSpacing.m in Sources */,
				B677564B1FFFAE340047AA40 /* MBProgressHUD+NJ.m in Sources */,
				B6DE3C99200DC88B00C53109 /* HDJBillFooterView.m in Sources */,
				B6B9548E201EEE3D00D24F3C /* UILabel+Builder.m in Sources */,
				B6D798041F15F00D00168B4E /* UIViewExt.m in Sources */,
				B65304D81F1E4F7200FA3FAD /* HDJProjectTypeModel.m in Sources */,
				B6D797961F15EEEB00168B4E /* AppDelegate.m in Sources */,
				B6DF51F61F20D04500E61A89 /* HDJRecordScrollerView.m in Sources */,
				B6D797D81F15EF3A00168B4E /* BaseModel.m in Sources */,
				B6D797E31F15EF3A00168B4E /* TabBarViewController.m in Sources */,
				B67756431FFF46BB0047AA40 /* HDJDSQLSearchModel.m in Sources */,
				B6D797931F15EEEB00168B4E /* main.m in Sources */,
				B6C2650B1F233105001949C2 /* HDJCateCollectionViewCell.m in Sources */,
				B6F883F31F166DBF0060E7E4 /* HDJPropertyViewController.m in Sources */,
				B6D797D91F15EF3A00168B4E /* BaseNavigationController.m in Sources */,
				B6D797DF1F15EF3A00168B4E /* LaunchViewController.m in Sources */,
				B6C265271F27111A001949C2 /* HDJKeyBoardNumView.m in Sources */,
				B6C265311F2766AF001949C2 /* HDJKeyBoardButton.m in Sources */,
			);
			runOnlyForDeploymentPostprocessing = 0;
		};
/* End PBXSourcesBuildPhase section */

/* Begin PBXVariantGroup section */
		B6D7979A1F15EEEB00168B4E /* Main.storyboard */ = {
			isa = PBXVariantGroup;
			children = (
				B6D7979B1F15EEEB00168B4E /* Base */,
			);
			name = Main.storyboard;
			sourceTree = "<group>";
		};
		B6D7979F1F15EEEB00168B4E /* LaunchScreen.storyboard */ = {
			isa = PBXVariantGroup;
			children = (
				B6D797A01F15EEEB00168B4E /* Base */,
			);
			name = LaunchScreen.storyboard;
			sourceTree = "<group>";
		};
/* End PBXVariantGroup section */

/* Begin XCBuildConfiguration section */
		B6D797A31F15EEEB00168B4E /* Debug */ = {
			isa = XCBuildConfiguration;
			buildSettings = {
				ALWAYS_SEARCH_USER_PATHS = NO;
				CLANG_ANALYZER_NONNULL = YES;
				CLANG_ANALYZER_NUMBER_OBJECT_CONVERSION = YES_AGGRESSIVE;
				CLANG_CXX_LANGUAGE_STANDARD = "gnu++0x";
				CLANG_CXX_LIBRARY = "libc++";
				CLANG_ENABLE_MODULES = YES;
				CLANG_ENABLE_OBJC_ARC = YES;
				CLANG_WARN_BOOL_CONVERSION = YES;
				CLANG_WARN_CONSTANT_CONVERSION = YES;
				CLANG_WARN_DIRECT_OBJC_ISA_USAGE = YES_ERROR;
				CLANG_WARN_DOCUMENTATION_COMMENTS = YES;
				CLANG_WARN_EMPTY_BODY = YES;
				CLANG_WARN_ENUM_CONVERSION = YES;
				CLANG_WARN_INFINITE_RECURSION = YES;
				CLANG_WARN_INT_CONVERSION = YES;
				CLANG_WARN_OBJC_ROOT_CLASS = YES_ERROR;
				CLANG_WARN_SUSPICIOUS_MOVE = YES;
				CLANG_WARN_UNREACHABLE_CODE = YES;
				CLANG_WARN__DUPLICATE_METHOD_MATCH = YES;
				"CODE_SIGN_IDENTITY[sdk=iphoneos*]" = "iPhone Developer";
				COPY_PHASE_STRIP = NO;
				DEBUG_INFORMATION_FORMAT = dwarf;
				ENABLE_STRICT_OBJC_MSGSEND = YES;
				ENABLE_TESTABILITY = YES;
				GCC_C_LANGUAGE_STANDARD = gnu99;
				GCC_DYNAMIC_NO_PIC = NO;
				GCC_NO_COMMON_BLOCKS = YES;
				GCC_OPTIMIZATION_LEVEL = 0;
				GCC_PREPROCESSOR_DEFINITIONS = (
					"DEBUG=1",
					"$(inherited)",
				);
				GCC_WARN_64_TO_32_BIT_CONVERSION = YES;
				GCC_WARN_ABOUT_RETURN_TYPE = YES_ERROR;
				GCC_WARN_UNDECLARED_SELECTOR = YES;
				GCC_WARN_UNINITIALIZED_AUTOS = YES_AGGRESSIVE;
				GCC_WARN_UNUSED_FUNCTION = YES;
				GCC_WARN_UNUSED_VARIABLE = YES;
				IPHONEOS_DEPLOYMENT_TARGET = 10.3;
				MTL_ENABLE_DEBUG_INFO = YES;
				ONLY_ACTIVE_ARCH = YES;
				SDKROOT = iphoneos;
			};
			name = Debug;
		};
		B6D797A41F15EEEB00168B4E /* Release */ = {
			isa = XCBuildConfiguration;
			buildSettings = {
				ALWAYS_SEARCH_USER_PATHS = NO;
				CLANG_ANALYZER_NONNULL = YES;
				CLANG_ANALYZER_NUMBER_OBJECT_CONVERSION = YES_AGGRESSIVE;
				CLANG_CXX_LANGUAGE_STANDARD = "gnu++0x";
				CLANG_CXX_LIBRARY = "libc++";
				CLANG_ENABLE_MODULES = YES;
				CLANG_ENABLE_OBJC_ARC = YES;
				CLANG_WARN_BOOL_CONVERSION = YES;
				CLANG_WARN_CONSTANT_CONVERSION = YES;
				CLANG_WARN_DIRECT_OBJC_ISA_USAGE = YES_ERROR;
				CLANG_WARN_DOCUMENTATION_COMMENTS = YES;
				CLANG_WARN_EMPTY_BODY = YES;
				CLANG_WARN_ENUM_CONVERSION = YES;
				CLANG_WARN_INFINITE_RECURSION = YES;
				CLANG_WARN_INT_CONVERSION = YES;
				CLANG_WARN_OBJC_ROOT_CLASS = YES_ERROR;
				CLANG_WARN_SUSPICIOUS_MOVE = YES;
				CLANG_WARN_UNREACHABLE_CODE = YES;
				CLANG_WARN__DUPLICATE_METHOD_MATCH = YES;
				"CODE_SIGN_IDENTITY[sdk=iphoneos*]" = "iPhone Developer";
				COPY_PHASE_STRIP = NO;
				DEBUG_INFORMATION_FORMAT = "dwarf-with-dsym";
				ENABLE_NS_ASSERTIONS = NO;
				ENABLE_STRICT_OBJC_MSGSEND = YES;
				GCC_C_LANGUAGE_STANDARD = gnu99;
				GCC_NO_COMMON_BLOCKS = YES;
				GCC_WARN_64_TO_32_BIT_CONVERSION = YES;
				GCC_WARN_ABOUT_RETURN_TYPE = YES_ERROR;
				GCC_WARN_UNDECLARED_SELECTOR = YES;
				GCC_WARN_UNINITIALIZED_AUTOS = YES_AGGRESSIVE;
				GCC_WARN_UNUSED_FUNCTION = YES;
				GCC_WARN_UNUSED_VARIABLE = YES;
				IPHONEOS_DEPLOYMENT_TARGET = 10.3;
				MTL_ENABLE_DEBUG_INFO = NO;
				SDKROOT = iphoneos;
				VALIDATE_PRODUCT = YES;
			};
			name = Release;
		};
		B6D797A61F15EEEB00168B4E /* Debug */ = {
			isa = XCBuildConfiguration;
			baseConfigurationReference = A525E62444C6977493FEAE7F /* Pods-Accounting.debug.xcconfig */;
			buildSettings = {
				ASSETCATALOG_COMPILER_APPICON_NAME = AppIcon;
				DEVELOPMENT_TEAM = X5L85KS9B2;
				GCC_PREFIX_HEADER = "$(SRCROOT)/Accounting/projectPrefix.pch";
				INFOPLIST_FILE = Accounting/Info.plist;
				IPHONEOS_DEPLOYMENT_TARGET = 10.0;
				LD_RUNPATH_SEARCH_PATHS = "$(inherited) @executable_path/Frameworks";
				PRODUCT_BUNDLE_IDENTIFIER = com.hdj.bookkeeping;
				PRODUCT_NAME = "$(TARGET_NAME)";
			};
			name = Debug;
		};
		B6D797A71F15EEEB00168B4E /* Release */ = {
			isa = XCBuildConfiguration;
			baseConfigurationReference = 283A9A6A7EF82B001109EFAD /* Pods-Accounting.release.xcconfig */;
			buildSettings = {
				ASSETCATALOG_COMPILER_APPICON_NAME = AppIcon;
				DEVELOPMENT_TEAM = X5L85KS9B2;
				GCC_PREFIX_HEADER = "$(SRCROOT)/Accounting/projectPrefix.pch";
				INFOPLIST_FILE = Accounting/Info.plist;
				IPHONEOS_DEPLOYMENT_TARGET = 10.0;
				LD_RUNPATH_SEARCH_PATHS = "$(inherited) @executable_path/Frameworks";
				PRODUCT_BUNDLE_IDENTIFIER = com.hdj.bookkeeping;
				PRODUCT_NAME = "$(TARGET_NAME)";
			};
			name = Release;
		};
/* End XCBuildConfiguration section */

/* Begin XCConfigurationList section */
		B6D797891F15EEEB00168B4E /* Build configuration list for PBXProject "Accounting" */ = {
			isa = XCConfigurationList;
			buildConfigurations = (
				B6D797A31F15EEEB00168B4E /* Debug */,
				B6D797A41F15EEEB00168B4E /* Release */,
			);
			defaultConfigurationIsVisible = 0;
			defaultConfigurationName = Release;
		};
		B6D797A51F15EEEB00168B4E /* Build configuration list for PBXNativeTarget "Accounting" */ = {
			isa = XCConfigurationList;
			buildConfigurations = (
				B6D797A61F15EEEB00168B4E /* Debug */,
				B6D797A71F15EEEB00168B4E /* Release */,
			);
			defaultConfigurationIsVisible = 0;
			defaultConfigurationName = Release;
		};
/* End XCConfigurationList section */
	};
	rootObject = B6D797861F15EEEB00168B4E /* Project object */;
}
